
Microsoft Visual Studio Solution File, Format Version 12.00
# Visual Studio 15
VisualStudioVersion = 15.0.28010.2048
MinimumVisualStudioVersion = 10.0.40219.1
Project("{FAE04EC0-301F-11D3-BF4B-00C04F79EFBC}") = "eBabyUnitTest", "EbabyUnitTest\eBabyUnitTest.csproj", "{8F44DA58-C3B6-47BB-AEDD-F42F2A254521}"
EndProject
Project("{9A19103F-16F7-4668-BE54-9A1E7A4F7556}") = "eBabyLab", "..\EbabyLab\eBabyLab.csproj", "{C44C3D56-2B97-4A76-9B95-3DE3165029D6}"
EndProject
Project("{FAE04EC0-301F-11D3-BF4B-00C04F79EFBC}") = "eBabyServices", "..\EbabyServices\eBabyServices.csproj", "{FA532EF5-F719-49DC-A927-6E607743228D}"
EndProject
Global
	GlobalSection(SolutionConfigurationPlatforms) = preSolution
		Debug|Any CPU = Debug|Any CPU
		Release|Any CPU = Release|Any CPU
	EndGlobalSection
	GlobalSection(ProjectConfigurationPlatforms) = postSolution
		{8F44DA58-C3B6-47BB-AEDD-F42F2A254521}.Debug|Any CPU.ActiveCfg = Debug|Any CPU
		{8F44DA58-C3B6-47BB-AEDD-F42F2A254521}.Debug|Any CPU.Build.0 = Debug|Any CPU
		{8F44DA58-C3B6-47BB-AEDD-F42F2A254521}.Release|Any CPU.ActiveCfg = Release|Any CPU
		{8F44DA58-C3B6-47BB-AEDD-F42F2A254521}.Release|Any CPU.Build.0 = Release|Any CPU
		{C44C3D56-2B97-4A76-9B95-3DE3165029D6}.Debug|Any CPU.ActiveCfg = Debug|Any CPU
		{C44C3D56-2B97-4A76-9B95-3DE3165029D6}.Debug|Any CPU.Build.0 = Debug|Any CPU
		{C44C3D56-2B97-4A76-9B95-3DE3165029D6}.Release|Any CPU.ActiveCfg = Release|Any CPU
		{C44C3D56-2B97-4A76-9B95-3DE3165029D6}.Release|Any CPU.Build.0 = Release|Any CPU
		{FA532EF5-F719-49DC-A927-6E607743228D}.Debug|Any CPU.ActiveCfg = Debug|Any CPU
		{FA532EF5-F719-49DC-A927-6E607743228D}.Debug|Any CPU.Build.0 = Debug|Any CPU
		{FA532EF5-F719-49DC-A927-6E607743228D}.Release|Any CPU.ActiveCfg = Release|Any CPU
		{FA532EF5-F719-49DC-A927-6E607743228D}.Release|Any CPU.Build.0 = Release|Any CPU
	EndGlobalSection
	GlobalSection(SolutionProperties) = preSolution
		HideSolutionNode = FALSE
	EndGlobalSection
	GlobalSection(ExtensibilityGlobals) = postSolution
		SolutionGuid = {E6B03A4D-76E4-4790-B337-318ED9F55776}
	EndGlobalSection
EndGlobal
